// !$*UTF8*$!
{
	archiveVersion = 1;
	classes = {
	};
	objectVersion = 46;
	objects = {

/* Begin PBXBuildFile section */
		9F938DD21948D9440002F459 /* MessageUI.framework in Frameworks */ = {isa = PBXBuildFile; fileRef = 9F938DD11948D9440002F459 /* MessageUI.framework */; };
		9F938DD61948E0530002F459 /* AppDelegate.txt in Resources */ = {isa = PBXBuildFile; fileRef = 9F938DD41948DF8E0002F459 /* AppDelegate.txt */; };
		9FAF0508193F796B004C7FDD /* UIKit.framework in Frameworks */ = {isa = PBXBuildFile; fileRef = 9FAF0507193F796B004C7FDD /* UIKit.framework */; };
		9FAF050A193F796B004C7FDD /* Foundation.framework in Frameworks */ = {isa = PBXBuildFile; fileRef = 9FAF0509193F796B004C7FDD /* Foundation.framework */; };
		9FAF050C193F796B004C7FDD /* CoreGraphics.framework in Frameworks */ = {isa = PBXBuildFile; fileRef = 9FAF050B193F796B004C7FDD /* CoreGraphics.framework */; };
		9FAF0512193F796B004C7FDD /* InfoPlist.strings in Resources */ = {isa = PBXBuildFile; fileRef = 9FAF0510193F796B004C7FDD /* InfoPlist.strings */; };
		9FAF0514193F796B004C7FDD /* main.m in Sources */ = {isa = PBXBuildFile; fileRef = 9FAF0513193F796B004C7FDD /* main.m */; };
		9FAF0518193F796B004C7FDD /* AppDelegate.m in Sources */ = {isa = PBXBuildFile; fileRef = 9FAF0517193F796B004C7FDD /* AppDelegate.m */; };
		9FAF051A193F796B004C7FDD /* Default.png in Resources */ = {isa = PBXBuildFile; fileRef = 9FAF0519193F796B004C7FDD /* Default.png */; };
		9FAF051C193F796B004C7FDD /* Default@2x.png in Resources */ = {isa = PBXBuildFile; fileRef = 9FAF051B193F796B004C7FDD /* Default@2x.png */; };
		9FAF051E193F796B004C7FDD /* Default-568h@2x.png in Resources */ = {isa = PBXBuildFile; fileRef = 9FAF051D193F796B004C7FDD /* Default-568h@2x.png */; };
		9FAF0521193F796B004C7FDD /* ViewController.m in Sources */ = {isa = PBXBuildFile; fileRef = 9FAF0520193F796B004C7FDD /* ViewController.m */; };
		9FAF0524193F796B004C7FDD /* ViewController.xib in Resources */ = {isa = PBXBuildFile; fileRef = 9FAF0522193F796B004C7FDD /* ViewController.xib */; };
		9FAF052D193F7CA6004C7FDD /* UIXExpandableMessageController.m in Sources */ = {isa = PBXBuildFile; fileRef = 9FAF052C193F7CA6004C7FDD /* UIXExpandableMessageController.m */; };
		9FAF052F193F7CC7004C7FDD /* UIXExpandableMessageController.xib in Resources */ = {isa = PBXBuildFile; fileRef = 9FAF052E193F7CC7004C7FDD /* UIXExpandableMessageController.xib */; };
/* End PBXBuildFile section */

/* Begin PBXFileReference section */
		9F938DD11948D9440002F459 /* MessageUI.framework */ = {isa = PBXFileReference; lastKnownFileType = wrapper.framework; name = MessageUI.framework; path = System/Library/Frameworks/MessageUI.framework; sourceTree = SDKROOT; };
		9F938DD41948DF8E0002F459 /* AppDelegate.txt */ = {isa = PBXFileReference; fileEncoding = 4; lastKnownFileType = text; path = AppDelegate.txt; sourceTree = "<group>"; };
		9FAF0504193F796B004C7FDD /* ExpandedMessage.app */ = {isa = PBXFileReference; explicitFileType = wrapper.application; includeInIndex = 0; path = ExpandedMessage.app; sourceTree = BUILT_PRODUCTS_DIR; };
		9FAF0507193F796B004C7FDD /* UIKit.framework */ = {isa = PBXFileReference; lastKnownFileType = wrapper.framework; name = UIKit.framework; path = System/Library/Frameworks/UIKit.framework; sourceTree = SDKROOT; };
		9FAF0509193F796B004C7FDD /* Foundation.framework */ = {isa = PBXFileReference; lastKnownFileType = wrapper.framework; name = Foundation.framework; path = System/Library/Frameworks/Foundation.framework; sourceTree = SDKROOT; };
		9FAF050B193F796B004C7FDD /* CoreGraphics.framework */ = {isa = PBXFileReference; lastKnownFileType = wrapper.framework; name = CoreGraphics.framework; path = System/Library/Frameworks/CoreGraphics.framework; sourceTree = SDKROOT; };
		9FAF050F193F796B004C7FDD /* ExpandedMessage-Info.plist */ = {isa = PBXFileReference; lastKnownFileType = text.plist.xml; path = "ExpandedMessage-Info.plist"; sourceTree = "<group>"; };
		9FAF0511193F796B004C7FDD /* en */ = {isa = PBXFileReference; lastKnownFileType = text.plist.strings; name = en; path = en.lproj/InfoPlist.strings; sourceTree = "<group>"; };
		9FAF0513193F796B004C7FDD /* main.m */ = {isa = PBXFileReference; lastKnownFileType = sourcecode.c.objc; path = main.m; sourceTree = "<group>"; };
		9FAF0515193F796B004C7FDD /* ExpandedMessage-Prefix.pch */ = {isa = PBXFileReference; lastKnownFileType = sourcecode.c.h; path = "ExpandedMessage-Prefix.pch"; sourceTree = "<group>"; };
		9FAF0516193F796B004C7FDD /* AppDelegate.h */ = {isa = PBXFileReference; lastKnownFileType = sourcecode.c.h; path = AppDelegate.h; sourceTree = "<group>"; };
		9FAF0517193F796B004C7FDD /* AppDelegate.m */ = {isa = PBXFileReference; lastKnownFileType = sourcecode.c.objc; path = AppDelegate.m; sourceTree = "<group>"; };
		9FAF0519193F796B004C7FDD /* Default.png */ = {isa = PBXFileReference; lastKnownFileType = image.png; path = Default.png; sourceTree = "<group>"; };
		9FAF051B193F796B004C7FDD /* Default@2x.png */ = {isa = PBXFileReference; lastKnownFileType = image.png; path = "Default@2x.png"; sourceTree = "<group>"; };
		9FAF051D193F796B004C7FDD /* Default-568h@2x.png */ = {isa = PBXFileReference; lastKnownFileType = image.png; path = "Default-568h@2x.png"; sourceTree = "<group>"; };
		9FAF051F193F796B004C7FDD /* ViewController.h */ = {isa = PBXFileReference; lastKnownFileType = sourcecode.c.h; path = ViewController.h; sourceTree = "<group>"; };
		9FAF0520193F796B004C7FDD /* ViewController.m */ = {isa = PBXFileReference; lastKnownFileType = sourcecode.c.objc; path = ViewController.m; sourceTree = "<group>"; };
		9FAF0523193F796B004C7FDD /* en */ = {isa = PBXFileReference; lastKnownFileType = file.xib; name = en; path = en.lproj/ViewController.xib; sourceTree = "<group>"; };
		9FAF052B193F7CA6004C7FDD /* UIXExpandableMessageController.h */ = {isa = PBXFileReference; fileEncoding = 4; lastKnownFileType = sourcecode.c.h; name = UIXExpandableMessageController.h; path = ExpandedMessage/UIXExpandableMessageController/UIXExpandableMessageController.h; sourceTree = "<group>"; };
		9FAF052C193F7CA6004C7FDD /* UIXExpandableMessageController.m */ = {isa = PBXFileReference; fileEncoding = 4; lastKnownFileType = sourcecode.c.objc; name = UIXExpandableMessageController.m; path = ExpandedMessage/UIXExpandableMessageController/UIXExpandableMessageController.m; sourceTree = "<group>"; };
		9FAF052E193F7CC7004C7FDD /* UIXExpandableMessageController.xib */ = {isa = PBXFileReference; fileEncoding = 4; lastKnownFileType = file.xib; name = UIXExpandableMessageController.xib; path = ExpandedMessage/UIXExpandableMessageController/UIXExpandableMessageController.xib; sourceTree = "<group>"; };
/* End PBXFileReference section */

/* Begin PBXFrameworksBuildPhase section */
		9FAF0501193F796B004C7FDD /* Frameworks */ = {
			isa = PBXFrameworksBuildPhase;
			buildActionMask = 2147483647;
			files = (
				9F938DD21948D9440002F459 /* MessageUI.framework in Frameworks */,
				9FAF0508193F796B004C7FDD /* UIKit.framework in Frameworks */,
				9FAF050A193F796B004C7FDD /* Foundation.framework in Frameworks */,
				9FAF050C193F796B004C7FDD /* CoreGraphics.framework in Frameworks */,
			);
			runOnlyForDeploymentPostprocessing = 0;
		};
/* End PBXFrameworksBuildPhase section */

/* Begin PBXGroup section */
		9F938DD31948DF8E0002F459 /* resources */ = {
			isa = PBXGroup;
			children = (
				9F938DD41948DF8E0002F459 /* AppDelegate.txt */,
			);
			name = resources;
			path = ExpandedMessage/resources;
			sourceTree = "<group>";
		};
		9FAF04FB193F796B004C7FDD = {
			isa = PBXGroup;
			children = (
				9F938DD31948DF8E0002F459 /* resources */,
				9FAF052A193F7C4B004C7FDD /* UIXExpandableMessageController */,
				9FAF050D193F796B004C7FDD /* ExpandedMessage */,
				9FAF0506193F796B004C7FDD /* Frameworks */,
				9FAF0505193F796B004C7FDD /* Products */,
			);
			sourceTree = "<group>";
		};
		9FAF0505193F796B004C7FDD /* Products */ = {
			isa = PBXGroup;
			children = (
				9FAF0504193F796B004C7FDD /* ExpandedMessage.app */,
			);
			name = Products;
			sourceTree = "<group>";
		};
		9FAF0506193F796B004C7FDD /* Frameworks */ = {
			isa = PBXGroup;
			children = (
				9F938DD11948D9440002F459 /* MessageUI.framework */,
				9FAF0507193F796B004C7FDD /* UIKit.framework */,
				9FAF0509193F796B004C7FDD /* Foundation.framework */,
				9FAF050B193F796B004C7FDD /* CoreGraphics.framework */,
			);
			name = Frameworks;
			sourceTree = "<group>";
		};
		9FAF050D193F796B004C7FDD /* ExpandedMessage */ = {
			isa = PBXGroup;
			children = (
				9FAF0516193F796B004C7FDD /* AppDelegate.h */,
				9FAF0517193F796B004C7FDD /* AppDelegate.m */,
				9FAF051F193F796B004C7FDD /* ViewController.h */,
				9FAF0520193F796B004C7FDD /* ViewController.m */,
				9FAF0522193F796B004C7FDD /* ViewController.xib */,
				9FAF050E193F796B004C7FDD /* Supporting Files */,
			);
			path = ExpandedMessage;
			sourceTree = "<group>";
		};
		9FAF050E193F796B004C7FDD /* Supporting Files */ = {
			isa = PBXGroup;
			children = (
				9FAF050F193F796B004C7FDD /* ExpandedMessage-Info.plist */,
				9FAF0510193F796B004C7FDD /* InfoPlist.strings */,
				9FAF0513193F796B004C7FDD /* main.m */,
				9FAF0515193F796B004C7FDD /* ExpandedMessage-Prefix.pch */,
				9FAF0519193F796B004C7FDD /* Default.png */,
				9FAF051B193F796B004C7FDD /* Default@2x.png */,
				9FAF051D193F796B004C7FDD /* Default-568h@2x.png */,
			);
			name = "Supporting Files";
			sourceTree = "<group>";
		};
		9FAF052A193F7C4B004C7FDD /* UIXExpandableMessageController */ = {
			isa = PBXGroup;
			children = (
				9FAF052B193F7CA6004C7FDD /* UIXExpandableMessageController.h */,
				9FAF052C193F7CA6004C7FDD /* UIXExpandableMessageController.m */,
				9FAF052E193F7CC7004C7FDD /* UIXExpandableMessageController.xib */,
			);
			name = UIXExpandableMessageController;
			sourceTree = "<group>";
		};
/* End PBXGroup section */

/* Begin PBXNativeTarget section */
		9FAF0503193F796B004C7FDD /* ExpandedMessage */ = {
			isa = PBXNativeTarget;
			buildConfigurationList = 9FAF0527193F796B004C7FDD /* Build configuration list for PBXNativeTarget "ExpandedMessage" */;
			buildPhases = (
				9FAF0500193F796B004C7FDD /* Sources */,
				9FAF0501193F796B004C7FDD /* Frameworks */,
				9FAF0502193F796B004C7FDD /* Resources */,
			);
			buildRules = (
			);
			dependencies = (
			);
			name = ExpandedMessage;
			productName = ExpandedMessage;
			productReference = 9FAF0504193F796B004C7FDD /* ExpandedMessage.app */;
			productType = "com.apple.product-type.application";
		};
/* End PBXNativeTarget section */

/* Begin PBXProject section */
		9FAF04FC193F796B004C7FDD /* Project object */ = {
			isa = PBXProject;
			attributes = {
				LastUpgradeCheck = 0460;
				ORGANIZATIONNAME = "Guy Umbright";
			};
			buildConfigurationList = 9FAF04FF193F796B004C7FDD /* Build configuration list for PBXProject "ExpandedMessage" */;
			compatibilityVersion = "Xcode 3.2";
			developmentRegion = English;
			hasScannedForEncodings = 0;
			knownRegions = (
				en,
			);
			mainGroup = 9FAF04FB193F796B004C7FDD;
			productRefGroup = 9FAF0505193F796B004C7FDD /* Products */;
			projectDirPath = "";
			projectRoot = "";
			targets = (
				9FAF0503193F796B004C7FDD /* ExpandedMessage */,
			);
		};
/* End PBXProject section */

/* Begin PBXResourcesBuildPhase section */
		9FAF0502193F796B004C7FDD /* Resources */ = {
			isa = PBXResourcesBuildPhase;
			buildActionMask = 2147483647;
			files = (
				9FAF0512193F796B004C7FDD /* InfoPlist.strings in Resources */,
				9FAF051A193F796B004C7FDD /* Default.png in Resources */,
				9FAF051C193F796B004C7FDD /* Default@2x.png in Resources */,
				9FAF051E193F796B004C7FDD /* Default-568h@2x.png in Resources */,
				9F938DD61948E0530002F459 /* AppDelegate.txt in Resources */,
				9FAF0524193F796B004C7FDD /* ViewController.xib in Resources */,
				9FAF052F193F7CC7004C7FDD /* UIXExpandableMessageController.xib in Resources */,
			);
			runOnlyForDeploymentPostprocessing = 0;
		};
/* End PBXResourcesBuildPhase section */

/* Begin PBXSourcesBuildPhase section */
		9FAF0500193F796B004C7FDD /* Sources */ = {
			isa = PBXSourcesBuildPhase;
			buildActionMask = 2147483647;
			files = (
				9FAF0514193F796B004C7FDD /* main.m in Sources */,
				9FAF0518193F796B004C7FDD /* AppDelegate.m in Sources */,
				9FAF0521193F796B004C7FDD /* ViewController.m in Sources */,
				9FAF052D193F7CA6004C7FDD /* UIXExpandableMessageController.m in Sources */,
			);
			runOnlyForDeploymentPostprocessing = 0;
		};
/* End PBXSourcesBuildPhase section */

/* Begin PBXVariantGroup section */
		9FAF0510193F796B004C7FDD /* InfoPlist.strings */ = {
			isa = PBXVariantGroup;
			children = (
				9FAF0511193F796B004C7FDD /* en */,
			);
			name = InfoPlist.strings;
			sourceTree = "<group>";
		};
		9FAF0522193F796B004C7FDD /* ViewController.xib */ = {
			isa = PBXVariantGroup;
			children = (
				9FAF0523193F796B004C7FDD /* en */,
			);
			name = ViewController.xib;
			sourceTree = "<group>";
		};
/* End PBXVariantGroup section */

/* Begin XCBuildConfiguration section */
		9FAF0525193F796B004C7FDD /* Debug */ = {
			isa = XCBuildConfiguration;
			buildSettings = {
				ALWAYS_SEARCH_USER_PATHS = NO;
				CLANG_CXX_LANGUAGE_STANDARD = "gnu++0x";
				CLANG_CXX_LIBRARY = "libc++";
				CLANG_WARN_CONSTANT_CONVERSION = YES;
				CLANG_WARN_EMPTY_BODY = YES;
				CLANG_WARN_ENUM_CONVERSION = YES;
				CLANG_WARN_INT_CONVERSION = YES;
				CLANG_WARN__DUPLICATE_METHOD_MATCH = YES;
				"CODE_SIGN_IDENTITY[sdk=iphoneos*]" = "iPhone Developer";
				COPY_PHASE_STRIP = NO;
				GCC_C_LANGUAGE_STANDARD = gnu99;
				GCC_DYNAMIC_NO_PIC = NO;
				GCC_OPTIMIZATION_LEVEL = 0;
				GCC_PREPROCESSOR_DEFINITIONS = (
					"DEBUG=1",
					"$(inherited)",
				);
				GCC_SYMBOLS_PRIVATE_EXTERN = NO;
				GCC_WARN_ABOUT_RETURN_TYPE = YES;
				GCC_WARN_UNINITIALIZED_AUTOS = YES;
				GCC_WARN_UNUSED_VARIABLE = YES;
				IPHONEOS_DEPLOYMENT_TARGET = 6.1;
				ONLY_ACTIVE_ARCH = YES;
				SDKROOT = iphoneos6.1;
				TARGETED_DEVICE_FAMILY = 2;
			};
			name = Debug;
		};
		9FAF0526193F796B004C7FDD /* Release */ = {
			isa = XCBuildConfiguration;
			buildSettings = {
				ALWAYS_SEARCH_USER_PATHS = NO;
				CLANG_CXX_LANGUAGE_STANDARD = "gnu++0x";
				CLANG_CXX_LIBRARY = "libc++";
				CLANG_WARN_CONSTANT_CONVERSION = YES;
				CLANG_WARN_EMPTY_BODY = YES;
				CLANG_WARN_ENUM_CONVERSION = YES;
				CLANG_WARN_INT_CONVERSION = YES;
				CLANG_WARN__DUPLICATE_METHOD_MATCH = YES;
				"CODE_SIGN_IDENTITY[sdk=iphoneos*]" = "iPhone Developer";
				COPY_PHASE_STRIP = YES;
				GCC_C_LANGUAGE_STANDARD = gnu99;
				GCC_WARN_ABOUT_RETURN_TYPE = YES;
				GCC_WARN_UNINITIALIZED_AUTOS = YES;
				GCC_WARN_UNUSED_VARIABLE = YES;
				IPHONEOS_DEPLOYMENT_TARGET = 6.1;
				OTHER_CFLAGS = "-DNS_BLOCK_ASSERTIONS=1";
				SDKROOT = iphoneos6.1;
				TARGETED_DEVICE_FAMILY = 2;
				VALIDATE_PRODUCT = YES;
			};
			name = Release;
		};
		9FAF0528193F796B004C7FDD /* Debug */ = {
			isa = XCBuildConfiguration;
			buildSettings = {
				CLANG_ENABLE_OBJC_ARC = NO;
				GCC_PRECOMPILE_PREFIX_HEADER = YES;
				GCC_PREFIX_HEADER = "ExpandedMessage/ExpandedMessage-Prefix.pch";
				INFOPLIST_FILE = "ExpandedMessage/ExpandedMessage-Info.plist";
				PRODUCT_NAME = "$(TARGET_NAME)";
				WRAPPER_EXTENSION = app;
			};
			name = Debug;
		};
		9FAF0529193F796B004C7FDD /* Release */ = {
			isa = XCBuildConfiguration;
			buildSettings = {
				CLANG_ENABLE_OBJC_ARC = NO;
				GCC_PRECOMPILE_PREFIX_HEADER = YES;
				GCC_PREFIX_HEADER = "ExpandedMessage/ExpandedMessage-Prefix.pch";
				INFOPLIST_FILE = "ExpandedMessage/ExpandedMessage-Info.plist";
				PRODUCT_NAME = "$(TARGET_NAME)";
				WRAPPER_EXTENSION = app;
			};
			name = Release;
		};
/* End XCBuildConfiguration section */

/* Begin XCConfigurationList section */
		9FAF04FF193F796B004C7FDD /* Build configuration list for PBXProject "ExpandedMessage" */ = {
			isa = XCConfigurationList;
			buildConfigurations = (
				9FAF0525193F796B004C7FDD /* Debug */,
				9FAF0526193F796B004C7FDD /* Release */,
			);
			defaultConfigurationIsVisible = 0;
			defaultConfigurationName = Release;
		};
		9FAF0527193F796B004C7FDD /* Build configuration list for PBXNativeTarget "ExpandedMessage" */ = {
			isa = XCConfigurationList;
			buildConfigurations = (
				9FAF0528193F796B004C7FDD /* Debug */,
				9FAF0529193F796B004C7FDD /* Release */,
			);
			defaultConfigurationIsVisible = 0;
			defaultConfigurationName = Release;
		};
/* End XCConfigurationList section */
	};
	rootObject = 9FAF04FC193F796B004C7FDD /* Project object */;
}
